
Microsoft Visual Studio Solution File, Format Version 12.00
# Visual Studio 2015
Project("{FAE04EC0-301F-11D3-BF4B-00C04F79EFBC}") = "Doggo3D.CSharp.Plugins", "Doggo3D.CSharp.Plugins.csproj", "{34FFD75C-46BF-555C-6266-CAF3829447F9}"
EndProject
Project("{FAE04EC0-301F-11D3-BF4B-00C04F79EFBC}") = "Doggo3D.CSharp", "Doggo3D.CSharp.csproj", "{11FC464C-3B81-3B93-BFD3-3F3B02D798DA}"
EndProject
Project("{FAE04EC0-301F-11D3-BF4B-00C04F79EFBC}") = "Doggo3D.CSharp.Editor", "Doggo3D.CSharp.Editor.csproj", "{4C0099E2-4563-FF8C-A952-2161E7300237}"
EndProject
Global
	GlobalSection(SolutionConfigurationPlatforms) = preSolution
		Debug|Any CPU = Debug|Any CPU
		Release|Any CPU = Release|Any CPU
	EndGlobalSection
	GlobalSection(ProjectConfigurationPlatforms) = postSolution
		{34FFD75C-46BF-555C-6266-CAF3829447F9}.Debug|Any CPU.ActiveCfg = Debug|Any CPU
		{34FFD75C-46BF-555C-6266-CAF3829447F9}.Debug|Any CPU.Build.0 = Debug|Any CPU
		{34FFD75C-46BF-555C-6266-CAF3829447F9}.Release|Any CPU.ActiveCfg = Release|Any CPU
		{34FFD75C-46BF-555C-6266-CAF3829447F9}.Release|Any CPU.Build.0 = Release|Any CPU
		{11FC464C-3B81-3B93-BFD3-3F3B02D798DA}.Debug|Any CPU.ActiveCfg = Debug|Any CPU
		{11FC464C-3B81-3B93-BFD3-3F3B02D798DA}.Debug|Any CPU.Build.0 = Debug|Any CPU
		{11FC464C-3B81-3B93-BFD3-3F3B02D798DA}.Release|Any CPU.ActiveCfg = Release|Any CPU
		{11FC464C-3B81-3B93-BFD3-3F3B02D798DA}.Release|Any CPU.Build.0 = Release|Any CPU
		{4C0099E2-4563-FF8C-A952-2161E7300237}.Debug|Any CPU.ActiveCfg = Debug|Any CPU
		{4C0099E2-4563-FF8C-A952-2161E7300237}.Debug|Any CPU.Build.0 = Debug|Any CPU
		{4C0099E2-4563-FF8C-A952-2161E7300237}.Release|Any CPU.ActiveCfg = Release|Any CPU
		{4C0099E2-4563-FF8C-A952-2161E7300237}.Release|Any CPU.Build.0 = Release|Any CPU
	EndGlobalSection
	GlobalSection(SolutionProperties) = preSolution
		HideSolutionNode = FALSE
	EndGlobalSection
EndGlobal
